// !$*UTF8*$!
{
	archiveVersion = 1;
	classes = {
	};
	objectVersion = 46;
	objects = {

/* Begin PBXBuildFile section */
		A2B599C719C9AFEA007EB1D7 /* Foundation.framework in Frameworks */ = {isa = PBXBuildFile; fileRef = A2B599C619C9AFEA007EB1D7 /* Foundation.framework */; };
		A2B599C919C9AFEA007EB1D7 /* CoreGraphics.framework in Frameworks */ = {isa = PBXBuildFile; fileRef = A2B599C819C9AFEA007EB1D7 /* CoreGraphics.framework */; };
		A2B599CB19C9AFEA007EB1D7 /* UIKit.framework in Frameworks */ = {isa = PBXBuildFile; fileRef = A2B599CA19C9AFEA007EB1D7 /* UIKit.framework */; };
		A2B599D119C9AFEA007EB1D7 /* InfoPlist.strings in Resources */ = {isa = PBXBuildFile; fileRef = A2B599CF19C9AFEA007EB1D7 /* InfoPlist.strings */; };
		A2B599D319C9AFEA007EB1D7 /* main.m in Sources */ = {isa = PBXBuildFile; fileRef = A2B599D219C9AFEA007EB1D7 /* main.m */; };
		A2B599D719C9AFEB007EB1D7 /* MBFAppDelegate.m in Sources */ = {isa = PBXBuildFile; fileRef = A2B599D619C9AFEA007EB1D7 /* MBFAppDelegate.m */; };
		A2B599DA19C9AFEB007EB1D7 /* Main.storyboard in Resources */ = {isa = PBXBuildFile; fileRef = A2B599D819C9AFEB007EB1D7 /* Main.storyboard */; };
		A2B599DD19C9AFEB007EB1D7 /* MBFViewController.m in Sources */ = {isa = PBXBuildFile; fileRef = A2B599DC19C9AFEB007EB1D7 /* MBFViewController.m */; };
		A2B599DF19C9AFEB007EB1D7 /* Images.xcassets in Resources */ = {isa = PBXBuildFile; fileRef = A2B599DE19C9AFEB007EB1D7 /* Images.xcassets */; };
		A2B599E619C9AFEB007EB1D7 /* XCTest.framework in Frameworks */ = {isa = PBXBuildFile; fileRef = A2B599E519C9AFEB007EB1D7 /* XCTest.framework */; };
		A2B599E719C9AFEB007EB1D7 /* Foundation.framework in Frameworks */ = {isa = PBXBuildFile; fileRef = A2B599C619C9AFEA007EB1D7 /* Foundation.framework */; };
		A2B599E819C9AFEB007EB1D7 /* UIKit.framework in Frameworks */ = {isa = PBXBuildFile; fileRef = A2B599CA19C9AFEA007EB1D7 /* UIKit.framework */; };
		A2B599F019C9AFEB007EB1D7 /* InfoPlist.strings in Resources */ = {isa = PBXBuildFile; fileRef = A2B599EE19C9AFEB007EB1D7 /* InfoPlist.strings */; };
		A2B599F219C9AFEB007EB1D7 /* Man_s_Best_FriendTests.m in Sources */ = {isa = PBXBuildFile; fileRef = A2B599F119C9AFEB007EB1D7 /* Man_s_Best_FriendTests.m */; };
		A2B599FD19C9B184007EB1D7 /* MBFDog.m in Sources */ = {isa = PBXBuildFile; fileRef = A2B599FC19C9B184007EB1D7 /* MBFDog.m */; };
		A2B59A4319CAD1E1007EB1D7 /* St.Bernard.JPG in Resources */ = {isa = PBXBuildFile; fileRef = A2B59A4219CAD1E1007EB1D7 /* St.Bernard.JPG */; };
		A2B59A4519CAD58F007EB1D7 /* JRT.jpg in Resources */ = {isa = PBXBuildFile; fileRef = A2B59A4419CAD58F007EB1D7 /* JRT.jpg */; };
		A2B59A4719CAD597007EB1D7 /* BorderCollie.jpg in Resources */ = {isa = PBXBuildFile; fileRef = A2B59A4619CAD597007EB1D7 /* BorderCollie.jpg */; };
		A2B59A4919CAD5A1007EB1D7 /* ItalianGreyhound.jpg in Resources */ = {isa = PBXBuildFile; fileRef = A2B59A4819CAD5A1007EB1D7 /* ItalianGreyhound.jpg */; };
		A2B59A4C19CB00A3007EB1D7 /* MBFPuppy.m in Sources */ = {isa = PBXBuildFile; fileRef = A2B59A4B19CB00A3007EB1D7 /* MBFPuppy.m */; };
		A2B59A4E19CB01F3007EB1D7 /* Bo.jpg in Resources */ = {isa = PBXBuildFile; fileRef = A2B59A4D19CB01F3007EB1D7 /* Bo.jpg */; };
/* End PBXBuildFile section */

/* Begin PBXContainerItemProxy section */
		A2B599E919C9AFEB007EB1D7 /* PBXContainerItemProxy */ = {
			isa = PBXContainerItemProxy;
			containerPortal = A2B599BB19C9AFEA007EB1D7 /* Project object */;
			proxyType = 1;
			remoteGlobalIDString = A2B599C219C9AFEA007EB1D7;
			remoteInfo = "Man's Best Friend";
		};
/* End PBXContainerItemProxy section */

/* Begin PBXFileReference section */
		A2B599C319C9AFEA007EB1D7 /* Man's Best Friend.app */ = {isa = PBXFileReference; explicitFileType = wrapper.application; includeInIndex = 0; path = "Man's Best Friend.app"; sourceTree = BUILT_PRODUCTS_DIR; };
		A2B599C619C9AFEA007EB1D7 /* Foundation.framework */ = {isa = PBXFileReference; lastKnownFileType = wrapper.framework; name = Foundation.framework; path = System/Library/Frameworks/Foundation.framework; sourceTree = SDKROOT; };
		A2B599C819C9AFEA007EB1D7 /* CoreGraphics.framework */ = {isa = PBXFileReference; lastKnownFileType = wrapper.framework; name = CoreGraphics.framework; path = System/Library/Frameworks/CoreGraphics.framework; sourceTree = SDKROOT; };
		A2B599CA19C9AFEA007EB1D7 /* UIKit.framework */ = {isa = PBXFileReference; lastKnownFileType = wrapper.framework; name = UIKit.framework; path = System/Library/Frameworks/UIKit.framework; sourceTree = SDKROOT; };
		A2B599CE19C9AFEA007EB1D7 /* Man's Best Friend-Info.plist */ = {isa = PBXFileReference; lastKnownFileType = text.plist.xml; path = "Man's Best Friend-Info.plist"; sourceTree = "<group>"; };
		A2B599D019C9AFEA007EB1D7 /* en */ = {isa = PBXFileReference; lastKnownFileType = text.plist.strings; name = en; path = en.lproj/InfoPlist.strings; sourceTree = "<group>"; };
		A2B599D219C9AFEA007EB1D7 /* main.m */ = {isa = PBXFileReference; lastKnownFileType = sourcecode.c.objc; path = main.m; sourceTree = "<group>"; };
		A2B599D419C9AFEA007EB1D7 /* Man's Best Friend-Prefix.pch */ = {isa = PBXFileReference; lastKnownFileType = sourcecode.c.h; path = "Man's Best Friend-Prefix.pch"; sourceTree = "<group>"; };
		A2B599D519C9AFEA007EB1D7 /* MBFAppDelegate.h */ = {isa = PBXFileReference; lastKnownFileType = sourcecode.c.h; path = MBFAppDelegate.h; sourceTree = "<group>"; };
		A2B599D619C9AFEA007EB1D7 /* MBFAppDelegate.m */ = {isa = PBXFileReference; lastKnownFileType = sourcecode.c.objc; path = MBFAppDelegate.m; sourceTree = "<group>"; };
		A2B599D919C9AFEB007EB1D7 /* Base */ = {isa = PBXFileReference; lastKnownFileType = file.storyboard; name = Base; path = Base.lproj/Main.storyboard; sourceTree = "<group>"; };
		A2B599DB19C9AFEB007EB1D7 /* MBFViewController.h */ = {isa = PBXFileReference; lastKnownFileType = sourcecode.c.h; path = MBFViewController.h; sourceTree = "<group>"; };
		A2B599DC19C9AFEB007EB1D7 /* MBFViewController.m */ = {isa = PBXFileReference; lastKnownFileType = sourcecode.c.objc; path = MBFViewController.m; sourceTree = "<group>"; };
		A2B599DE19C9AFEB007EB1D7 /* Images.xcassets */ = {isa = PBXFileReference; lastKnownFileType = folder.assetcatalog; path = Images.xcassets; sourceTree = "<group>"; };
		A2B599E419C9AFEB007EB1D7 /* Man's Best FriendTests.xctest */ = {isa = PBXFileReference; explicitFileType = wrapper.cfbundle; includeInIndex = 0; path = "Man's Best FriendTests.xctest"; sourceTree = BUILT_PRODUCTS_DIR; };
		A2B599E519C9AFEB007EB1D7 /* XCTest.framework */ = {isa = PBXFileReference; lastKnownFileType = wrapper.framework; name = XCTest.framework; path = Library/Frameworks/XCTest.framework; sourceTree = DEVELOPER_DIR; };
		A2B599ED19C9AFEB007EB1D7 /* Man's Best FriendTests-Info.plist */ = {isa = PBXFileReference; lastKnownFileType = text.plist.xml; path = "Man's Best FriendTests-Info.plist"; sourceTree = "<group>"; };
		A2B599EF19C9AFEB007EB1D7 /* en */ = {isa = PBXFileReference; lastKnownFileType = text.plist.strings; name = en; path = en.lproj/InfoPlist.strings; sourceTree = "<group>"; };
		A2B599F119C9AFEB007EB1D7 /* Man_s_Best_FriendTests.m */ = {isa = PBXFileReference; lastKnownFileType = sourcecode.c.objc; path = Man_s_Best_FriendTests.m; sourceTree = "<group>"; };
		A2B599FB19C9B184007EB1D7 /* MBFDog.h */ = {isa = PBXFileReference; fileEncoding = 4; lastKnownFileType = sourcecode.c.h; name = MBFDog.h; path = ../MBFDog.h; sourceTree = "<group>"; };
		A2B599FC19C9B184007EB1D7 /* MBFDog.m */ = {isa = PBXFileReference; fileEncoding = 4; lastKnownFileType = sourcecode.c.objc; name = MBFDog.m; path = ../MBFDog.m; sourceTree = "<group>"; };
		A2B59A4219CAD1E1007EB1D7 /* St.Bernard.JPG */ = {isa = PBXFileReference; lastKnownFileType = image.jpeg; path = St.Bernard.JPG; sourceTree = "<group>"; };
		A2B59A4419CAD58F007EB1D7 /* JRT.jpg */ = {isa = PBXFileReference; lastKnownFileType = image.jpeg; path = JRT.jpg; sourceTree = "<group>"; };
		A2B59A4619CAD597007EB1D7 /* BorderCollie.jpg */ = {isa = PBXFileReference; lastKnownFileType = image.jpeg; path = BorderCollie.jpg; sourceTree = "<group>"; };
		A2B59A4819CAD5A1007EB1D7 /* ItalianGreyhound.jpg */ = {isa = PBXFileReference; lastKnownFileType = image.jpeg; path = ItalianGreyhound.jpg; sourceTree = "<group>"; };
		A2B59A4A19CB00A3007EB1D7 /* MBFPuppy.h */ = {isa = PBXFileReference; fileEncoding = 4; lastKnownFileType = sourcecode.c.h; path = MBFPuppy.h; sourceTree = "<group>"; };
		A2B59A4B19CB00A3007EB1D7 /* MBFPuppy.m */ = {isa = PBXFileReference; fileEncoding = 4; lastKnownFileType = sourcecode.c.objc; path = MBFPuppy.m; sourceTree = "<group>"; };
		A2B59A4D19CB01F3007EB1D7 /* Bo.jpg */ = {isa = PBXFileReference; lastKnownFileType = image.jpeg; path = Bo.jpg; sourceTree = "<group>"; };
/* End PBXFileReference section */

/* Begin PBXFrameworksBuildPhase section */
		A2B599C019C9AFEA007EB1D7 /* Frameworks */ = {
			isa = PBXFrameworksBuildPhase;
			buildActionMask = 2147483647;
			files = (
				A2B599C919C9AFEA007EB1D7 /* CoreGraphics.framework in Frameworks */,
				A2B599CB19C9AFEA007EB1D7 /* UIKit.framework in Frameworks */,
				A2B599C719C9AFEA007EB1D7 /* Foundation.framework in Frameworks */,
			);
			runOnlyForDeploymentPostprocessing = 0;
		};
		A2B599E119C9AFEB007EB1D7 /* Frameworks */ = {
			isa = PBXFrameworksBuildPhase;
			buildActionMask = 2147483647;
			files = (
				A2B599E619C9AFEB007EB1D7 /* XCTest.framework in Frameworks */,
				A2B599E819C9AFEB007EB1D7 /* UIKit.framework in Frameworks */,
				A2B599E719C9AFEB007EB1D7 /* Foundation.framework in Frameworks */,
			);
			runOnlyForDeploymentPostprocessing = 0;
		};
/* End PBXFrameworksBuildPhase section */

/* Begin PBXGroup section */
		A2B599BA19C9AFEA007EB1D7 = {
			isa = PBXGroup;
			children = (
				A2B599CC19C9AFEA007EB1D7 /* Man's Best Friend */,
				A2B599EB19C9AFEB007EB1D7 /* Man's Best FriendTests */,
				A2B599C519C9AFEA007EB1D7 /* Frameworks */,
				A2B599C419C9AFEA007EB1D7 /* Products */,
			);
			sourceTree = "<group>";
		};
		A2B599C419C9AFEA007EB1D7 /* Products */ = {
			isa = PBXGroup;
			children = (
				A2B599C319C9AFEA007EB1D7 /* Man's Best Friend.app */,
				A2B599E419C9AFEB007EB1D7 /* Man's Best FriendTests.xctest */,
			);
			name = Products;
			sourceTree = "<group>";
		};
		A2B599C519C9AFEA007EB1D7 /* Frameworks */ = {
			isa = PBXGroup;
			children = (
				A2B599C619C9AFEA007EB1D7 /* Foundation.framework */,
				A2B599C819C9AFEA007EB1D7 /* CoreGraphics.framework */,
				A2B599CA19C9AFEA007EB1D7 /* UIKit.framework */,
				A2B599E519C9AFEB007EB1D7 /* XCTest.framework */,
			);
			name = Frameworks;
			sourceTree = "<group>";
		};
		A2B599CC19C9AFEA007EB1D7 /* Man's Best Friend */ = {
			isa = PBXGroup;
			children = (
				A2B599D519C9AFEA007EB1D7 /* MBFAppDelegate.h */,
				A2B599D619C9AFEA007EB1D7 /* MBFAppDelegate.m */,
				A2B599D819C9AFEB007EB1D7 /* Main.storyboard */,
				A2B599DB19C9AFEB007EB1D7 /* MBFViewController.h */,
				A2B599DC19C9AFEB007EB1D7 /* MBFViewController.m */,
				A2CD07FA19D2BD1400C24B03 /* Models */,
				A2B599DE19C9AFEB007EB1D7 /* Images.xcassets */,
				A2B599CD19C9AFEA007EB1D7 /* Supporting Files */,
			);
			path = "Man's Best Friend";
			sourceTree = "<group>";
		};
		A2B599CD19C9AFEA007EB1D7 /* Supporting Files */ = {
			isa = PBXGroup;
			children = (
				A2B59A4D19CB01F3007EB1D7 /* Bo.jpg */,
				A2B59A4819CAD5A1007EB1D7 /* ItalianGreyhound.jpg */,
				A2B59A4619CAD597007EB1D7 /* BorderCollie.jpg */,
				A2B59A4419CAD58F007EB1D7 /* JRT.jpg */,
				A2B59A4219CAD1E1007EB1D7 /* St.Bernard.JPG */,
				A2B599CE19C9AFEA007EB1D7 /* Man's Best Friend-Info.plist */,
				A2B599CF19C9AFEA007EB1D7 /* InfoPlist.strings */,
				A2B599D219C9AFEA007EB1D7 /* main.m */,
				A2B599D419C9AFEA007EB1D7 /* Man's Best Friend-Prefix.pch */,
			);
			name = "Supporting Files";
			sourceTree = "<group>";
		};
		A2B599EB19C9AFEB007EB1D7 /* Man's Best FriendTests */ = {
			isa = PBXGroup;
			children = (
				A2B599F119C9AFEB007EB1D7 /* Man_s_Best_FriendTests.m */,
				A2B599EC19C9AFEB007EB1D7 /* Supporting Files */,
			);
			path = "Man's Best FriendTests";
			sourceTree = "<group>";
		};
		A2B599EC19C9AFEB007EB1D7 /* Supporting Files */ = {
			isa = PBXGroup;
			children = (
				A2B599ED19C9AFEB007EB1D7 /* Man's Best FriendTests-Info.plist */,
				A2B599EE19C9AFEB007EB1D7 /* InfoPlist.strings */,
			);
			name = "Supporting Files";
			sourceTree = "<group>";
		};
		A2CD07FA19D2BD1400C24B03 /* Models */ = {
			isa = PBXGroup;
			children = (
				A2B599FB19C9B184007EB1D7 /* MBFDog.h */,
				A2B599FC19C9B184007EB1D7 /* MBFDog.m */,
				A2B59A4A19CB00A3007EB1D7 /* MBFPuppy.h */,
				A2B59A4B19CB00A3007EB1D7 /* MBFPuppy.m */,
			);
			name = Models;
			sourceTree = "<group>";
		};
/* End PBXGroup section */

/* Begin PBXNativeTarget section */
		A2B599C219C9AFEA007EB1D7 /* Man's Best Friend */ = {
			isa = PBXNativeTarget;
			buildConfigurationList = A2B599F519C9AFEB007EB1D7 /* Build configuration list for PBXNativeTarget "Man's Best Friend" */;
			buildPhases = (
				A2B599BF19C9AFEA007EB1D7 /* Sources */,
				A2B599C019C9AFEA007EB1D7 /* Frameworks */,
				A2B599C119C9AFEA007EB1D7 /* Resources */,
			);
			buildRules = (
			);
			dependencies = (
			);
			name = "Man's Best Friend";
			productName = "Man's Best Friend";
			productReference = A2B599C319C9AFEA007EB1D7 /* Man's Best Friend.app */;
			productType = "com.apple.product-type.application";
		};
		A2B599E319C9AFEB007EB1D7 /* Man's Best FriendTests */ = {
			isa = PBXNativeTarget;
			buildConfigurationList = A2B599F819C9AFEB007EB1D7 /* Build configuration list for PBXNativeTarget "Man's Best FriendTests" */;
			buildPhases = (
				A2B599E019C9AFEB007EB1D7 /* Sources */,
				A2B599E119C9AFEB007EB1D7 /* Frameworks */,
				A2B599E219C9AFEB007EB1D7 /* Resources */,
			);
			buildRules = (
			);
			dependencies = (
				A2B599EA19C9AFEB007EB1D7 /* PBXTargetDependency */,
			);
			name = "Man's Best FriendTests";
			productName = "Man's Best FriendTests";
			productReference = A2B599E419C9AFEB007EB1D7 /* Man's Best FriendTests.xctest */;
			productType = "com.apple.product-type.bundle.unit-test";
		};
/* End PBXNativeTarget section */

/* Begin PBXProject section */
		A2B599BB19C9AFEA007EB1D7 /* Project object */ = {
			isa = PBXProject;
			attributes = {
				CLASSPREFIX = MBF;
				LastUpgradeCheck = 0510;
				ORGANIZATIONNAME = "Brick Inc";
				TargetAttributes = {
					A2B599E319C9AFEB007EB1D7 = {
						TestTargetID = A2B599C219C9AFEA007EB1D7;
					};
				};
			};
			buildConfigurationList = A2B599BE19C9AFEA007EB1D7 /* Build configuration list for PBXProject "Man's Best Friend" */;
			compatibilityVersion = "Xcode 3.2";
			developmentRegion = English;
			hasScannedForEncodings = 0;
			knownRegions = (
				en,
				Base,
			);
			mainGroup = A2B599BA19C9AFEA007EB1D7;
			productRefGroup = A2B599C419C9AFEA007EB1D7 /* Products */;
			projectDirPath = "";
			projectRoot = "";
			targets = (
				A2B599C219C9AFEA007EB1D7 /* Man's Best Friend */,
				A2B599E319C9AFEB007EB1D7 /* Man's Best FriendTests */,
			);
		};
/* End PBXProject section */

/* Begin PBXResourcesBuildPhase section */
		A2B599C119C9AFEA007EB1D7 /* Resources */ = {
			isa = PBXResourcesBuildPhase;
			buildActionMask = 2147483647;
			files = (
				A2B59A4319CAD1E1007EB1D7 /* St.Bernard.JPG in Resources */,
				A2B599DF19C9AFEB007EB1D7 /* Images.xcassets in Resources */,
				A2B59A4519CAD58F007EB1D7 /* JRT.jpg in Resources */,
				A2B599D119C9AFEA007EB1D7 /* InfoPlist.strings in Resources */,
				A2B599DA19C9AFEB007EB1D7 /* Main.storyboard in Resources */,
				A2B59A4719CAD597007EB1D7 /* BorderCollie.jpg in Resources */,
				A2B59A4E19CB01F3007EB1D7 /* Bo.jpg in Resources */,
				A2B59A4919CAD5A1007EB1D7 /* ItalianGreyhound.jpg in Resources */,
			);
			runOnlyForDeploymentPostprocessing = 0;
		};
		A2B599E219C9AFEB007EB1D7 /* Resources */ = {
			isa = PBXResourcesBuildPhase;
			buildActionMask = 2147483647;
			files = (
				A2B599F019C9AFEB007EB1D7 /* InfoPlist.strings in Resources */,
			);
			runOnlyForDeploymentPostprocessing = 0;
		};
/* End PBXResourcesBuildPhase section */

/* Begin PBXSourcesBuildPhase section */
		A2B599BF19C9AFEA007EB1D7 /* Sources */ = {
			isa = PBXSourcesBuildPhase;
			buildActionMask = 2147483647;
			files = (
				A2B599D719C9AFEB007EB1D7 /* MBFAppDelegate.m in Sources */,
				A2B599DD19C9AFEB007EB1D7 /* MBFViewController.m in Sources */,
				A2B599FD19C9B184007EB1D7 /* MBFDog.m in Sources */,
				A2B599D319C9AFEA007EB1D7 /* main.m in Sources */,
				A2B59A4C19CB00A3007EB1D7 /* MBFPuppy.m in Sources */,
			);
			runOnlyForDeploymentPostprocessing = 0;
		};
		A2B599E019C9AFEB007EB1D7 /* Sources */ = {
			isa = PBXSourcesBuildPhase;
			buildActionMask = 2147483647;
			files = (
				A2B599F219C9AFEB007EB1D7 /* Man_s_Best_FriendTests.m in Sources */,
			);
			runOnlyForDeploymentPostprocessing = 0;
		};
/* End PBXSourcesBuildPhase section */

/* Begin PBXTargetDependency section */
		A2B599EA19C9AFEB007EB1D7 /* PBXTargetDependency */ = {
			isa = PBXTargetDependency;
			target = A2B599C219C9AFEA007EB1D7 /* Man's Best Friend */;
			targetProxy = A2B599E919C9AFEB007EB1D7 /* PBXContainerItemProxy */;
		};
/* End PBXTargetDependency section */

/* Begin PBXVariantGroup section */
		A2B599CF19C9AFEA007EB1D7 /* InfoPlist.strings */ = {
			isa = PBXVariantGroup;
			children = (
				A2B599D019C9AFEA007EB1D7 /* en */,
			);
			name = InfoPlist.strings;
			sourceTree = "<group>";
		};
		A2B599D819C9AFEB007EB1D7 /* Main.storyboard */ = {
			isa = PBXVariantGroup;
			children = (
				A2B599D919C9AFEB007EB1D7 /* Base */,
			);
			name = Main.storyboard;
			sourceTree = "<group>";
		};
		A2B599EE19C9AFEB007EB1D7 /* InfoPlist.strings */ = {
			isa = PBXVariantGroup;
			children = (
				A2B599EF19C9AFEB007EB1D7 /* en */,
			);
			name = InfoPlist.strings;
			sourceTree = "<group>";
		};
/* End PBXVariantGroup section */

/* Begin XCBuildConfiguration section */
		A2B599F319C9AFEB007EB1D7 /* Debug */ = {
			isa = XCBuildConfiguration;
			buildSettings = {
				ALWAYS_SEARCH_USER_PATHS = NO;
				CLANG_CXX_LANGUAGE_STANDARD = "gnu++0x";
				CLANG_CXX_LIBRARY = "libc++";
				CLANG_ENABLE_MODULES = YES;
				CLANG_ENABLE_OBJC_ARC = YES;
				CLANG_WARN_BOOL_CONVERSION = YES;
				CLANG_WARN_CONSTANT_CONVERSION = YES;
				CLANG_WARN_DIRECT_OBJC_ISA_USAGE = YES_ERROR;
				CLANG_WARN_EMPTY_BODY = YES;
				CLANG_WARN_ENUM_CONVERSION = YES;
				CLANG_WARN_INT_CONVERSION = YES;
				CLANG_WARN_OBJC_ROOT_CLASS = YES_ERROR;
				CLANG_WARN__DUPLICATE_METHOD_MATCH = YES;
				"CODE_SIGN_IDENTITY[sdk=iphoneos*]" = "iPhone Developer";
				COPY_PHASE_STRIP = NO;
				GCC_C_LANGUAGE_STANDARD = gnu99;
				GCC_DYNAMIC_NO_PIC = NO;
				GCC_OPTIMIZATION_LEVEL = 0;
				GCC_PREPROCESSOR_DEFINITIONS = (
					"DEBUG=1",
					"$(inherited)",
				);
				GCC_SYMBOLS_PRIVATE_EXTERN = NO;
				GCC_WARN_64_TO_32_BIT_CONVERSION = YES;
				GCC_WARN_ABOUT_RETURN_TYPE = YES_ERROR;
				GCC_WARN_UNDECLARED_SELECTOR = YES;
				GCC_WARN_UNINITIALIZED_AUTOS = YES_AGGRESSIVE;
				GCC_WARN_UNUSED_FUNCTION = YES;
				GCC_WARN_UNUSED_VARIABLE = YES;
				IPHONEOS_DEPLOYMENT_TARGET = 7.1;
				ONLY_ACTIVE_ARCH = YES;
				SDKROOT = iphoneos;
			};
			name = Debug;
		};
		A2B599F419C9AFEB007EB1D7 /* Release */ = {
			isa = XCBuildConfiguration;
			buildSettings = {
				ALWAYS_SEARCH_USER_PATHS = NO;
				CLANG_CXX_LANGUAGE_STANDARD = "gnu++0x";
				CLANG_CXX_LIBRARY = "libc++";
				CLANG_ENABLE_MODULES = YES;
				CLANG_ENABLE_OBJC_ARC = YES;
				CLANG_WARN_BOOL_CONVERSION = YES;
				CLANG_WARN_CONSTANT_CONVERSION = YES;
				CLANG_WARN_DIRECT_OBJC_ISA_USAGE = YES_ERROR;
				CLANG_WARN_EMPTY_BODY = YES;
				CLANG_WARN_ENUM_CONVERSION = YES;
				CLANG_WARN_INT_CONVERSION = YES;
				CLANG_WARN_OBJC_ROOT_CLASS = YES_ERROR;
				CLANG_WARN__DUPLICATE_METHOD_MATCH = YES;
				"CODE_SIGN_IDENTITY[sdk=iphoneos*]" = "iPhone Developer";
				COPY_PHASE_STRIP = YES;
				ENABLE_NS_ASSERTIONS = NO;
				GCC_C_LANGUAGE_STANDARD = gnu99;
				GCC_WARN_64_TO_32_BIT_CONVERSION = YES;
				GCC_WARN_ABOUT_RETURN_TYPE = YES_ERROR;
				GCC_WARN_UNDECLARED_SELECTOR = YES;
				GCC_WARN_UNINITIALIZED_AUTOS = YES_AGGRESSIVE;
				GCC_WARN_UNUSED_FUNCTION = YES;
				GCC_WARN_UNUSED_VARIABLE = YES;
				IPHONEOS_DEPLOYMENT_TARGET = 7.1;
				SDKROOT = iphoneos;
				VALIDATE_PRODUCT = YES;
			};
			name = Release;
		};
		A2B599F619C9AFEB007EB1D7 /* Debug */ = {
			isa = XCBuildConfiguration;
			buildSettings = {
				ASSETCATALOG_COMPILER_APPICON_NAME = AppIcon;
				ASSETCATALOG_COMPILER_LAUNCHIMAGE_NAME = LaunchImage;
				GCC_PRECOMPILE_PREFIX_HEADER = YES;
				GCC_PREFIX_HEADER = "Man's Best Friend/Man's Best Friend-Prefix.pch";
				INFOPLIST_FILE = "Man's Best Friend/Man's Best Friend-Info.plist";
				PRODUCT_NAME = "$(TARGET_NAME)";
				WRAPPER_EXTENSION = app;
			};
			name = Debug;
		};
		A2B599F719C9AFEB007EB1D7 /* Release */ = {
			isa = XCBuildConfiguration;
			buildSettings = {
				ASSETCATALOG_COMPILER_APPICON_NAME = AppIcon;
				ASSETCATALOG_COMPILER_LAUNCHIMAGE_NAME = LaunchImage;
				GCC_PRECOMPILE_PREFIX_HEADER = YES;
				GCC_PREFIX_HEADER = "Man's Best Friend/Man's Best Friend-Prefix.pch";
				INFOPLIST_FILE = "Man's Best Friend/Man's Best Friend-Info.plist";
				PRODUCT_NAME = "$(TARGET_NAME)";
				WRAPPER_EXTENSION = app;
			};
			name = Release;
		};
		A2B599F919C9AFEB007EB1D7 /* Debug */ = {
			isa = XCBuildConfiguration;
			buildSettings = {
				BUNDLE_LOADER = "$(BUILT_PRODUCTS_DIR)/Man's Best Friend.app/Man's Best Friend";
				FRAMEWORK_SEARCH_PATHS = (
					"$(SDKROOT)/Developer/Library/Frameworks",
					"$(inherited)",
					"$(DEVELOPER_FRAMEWORKS_DIR)",
				);
				GCC_PRECOMPILE_PREFIX_HEADER = YES;
				GCC_PREFIX_HEADER = "Man's Best Friend/Man's Best Friend-Prefix.pch";
				GCC_PREPROCESSOR_DEFINITIONS = (
					"DEBUG=1",
					"$(inherited)",
				);
				INFOPLIST_FILE = "Man's Best FriendTests/Man's Best FriendTests-Info.plist";
				PRODUCT_NAME = "$(TARGET_NAME)";
				TEST_HOST = "$(BUNDLE_LOADER)";
				WRAPPER_EXTENSION = xctest;
			};
			name = Debug;
		};
		A2B599FA19C9AFEB007EB1D7 /* Release */ = {
			isa = XCBuildConfiguration;
			buildSettings = {
				BUNDLE_LOADER = "$(BUILT_PRODUCTS_DIR)/Man's Best Friend.app/Man's Best Friend";
				FRAMEWORK_SEARCH_PATHS = (
					"$(SDKROOT)/Developer/Library/Frameworks",
					"$(inherited)",
					"$(DEVELOPER_FRAMEWORKS_DIR)",
				);
				GCC_PRECOMPILE_PREFIX_HEADER = YES;
				GCC_PREFIX_HEADER = "Man's Best Friend/Man's Best Friend-Prefix.pch";
				INFOPLIST_FILE = "Man's Best FriendTests/Man's Best FriendTests-Info.plist";
				PRODUCT_NAME = "$(TARGET_NAME)";
				TEST_HOST = "$(BUNDLE_LOADER)";
				WRAPPER_EXTENSION = xctest;
			};
			name = Release;
		};
/* End XCBuildConfiguration section */

/* Begin XCConfigurationList section */
		A2B599BE19C9AFEA007EB1D7 /* Build configuration list for PBXProject "Man's Best Friend" */ = {
			isa = XCConfigurationList;
			buildConfigurations = (
				A2B599F319C9AFEB007EB1D7 /* Debug */,
				A2B599F419C9AFEB007EB1D7 /* Release */,
			);
			defaultConfigurationIsVisible = 0;
			defaultConfigurationName = Release;
		};
		A2B599F519C9AFEB007EB1D7 /* Build configuration list for PBXNativeTarget "Man's Best Friend" */ = {
			isa = XCConfigurationList;
			buildConfigurations = (
				A2B599F619C9AFEB007EB1D7 /* Debug */,
				A2B599F719C9AFEB007EB1D7 /* Release */,
			);
			defaultConfigurationIsVisible = 0;
			defaultConfigurationName = Release;
		};
		A2B599F819C9AFEB007EB1D7 /* Build configuration list for PBXNativeTarget "Man's Best FriendTests" */ = {
			isa = XCConfigurationList;
			buildConfigurations = (
				A2B599F919C9AFEB007EB1D7 /* Debug */,
				A2B599FA19C9AFEB007EB1D7 /* Release */,
			);
			defaultConfigurationIsVisible = 0;
			defaultConfigurationName = Release;
		};
/* End XCConfigurationList section */
	};
	rootObject = A2B599BB19C9AFEA007EB1D7 /* Project object */;
}
